
Microsoft Visual Studio Solution File, Format Version 12.00
# Visual Studio 15
VisualStudioVersion = 15.0.27004.2006
MinimumVisualStudioVersion = 10.0.40219.1
Project("{9A19103F-16F7-4668-BE54-9A1E7A4F7556}") = "TimeTracker.Api", "TimeTracker.Api\TimeTracker.Api.csproj", "{E029C8F0-8A15-444E-B25C-6B5BACA300EF}"
EndProject
Project("{9A19103F-16F7-4668-BE54-9A1E7A4F7556}") = "TimeTracker.Data", "TimeTracker.Data\TimeTracker.Data.csproj", "{8A65B15D-3297-4531-BCB2-B2FC294C76FC}"
EndProject
Project("{9A19103F-16F7-4668-BE54-9A1E7A4F7556}") = "TimeTracker.Dto", "TimeTracker.Dto\TimeTracker.Dto.csproj", "{4A29A94E-769A-4816-A84A-E4BC336D9CD8}"
EndProject
Project("{9A19103F-16F7-4668-BE54-9A1E7A4F7556}") = "TimeTracker.Service", "TimeTracker.Service\TimeTracker.Service.csproj", "{C7D4B73F-0C90-4434-8E7E-5E1F1E24EAA5}"
EndProject
Project("{FAE04EC0-301F-11D3-BF4B-00C04F79EFBC}") = "TimeTracker", "TimeTracker.UI\windows\timetracker\TimeTracker.csproj", "{D87F98A0-10EC-40B6-8A6B-219CC7BD4FA1}"
EndProject
Project("{FAE04EC0-301F-11D3-BF4B-00C04F79EFBC}") = "ReactNative", "TimeTracker.UI\node_modules\react-native-windows\ReactWindows\ReactNative\ReactNative.csproj", "{C7673AD5-E3AA-468C-A5FD-FA38154E205C}"
EndProject
Project("{D954291E-2A0B-460D-934E-DC6B0785DB48}") = "ReactNative.Shared", "TimeTracker.UI\node_modules\react-native-windows\ReactWindows\ReactNative.Shared\ReactNative.Shared.shproj", "{EEA8B852-4D07-48E1-8294-A21AB5909FE5}"
EndProject
Project("{8BC9CEB8-8B4A-11D0-8D11-00A0C91BC942}") = "ChakraBridge", "TimeTracker.UI\node_modules\react-native-windows\ReactWindows\ChakraBridge\ChakraBridge.vcxproj", "{4B72C796-16D5-4E3A-81C0-3E36F531E578}"
EndProject
Project("{FAE04EC0-301F-11D3-BF4B-00C04F79EFBC}") = "ReactNativeWebViewBridge", "TimeTracker.UI\node_modules\react-native-windows\ReactWindows\ReactNativeWebViewBridge\ReactNativeWebViewBridge.csproj", "{7596216B-669C-41F8-86DA-F3637F6545C0}"
EndProject
Project("{2150E333-8FDC-42A3-9474-1A3956D46DE8}") = "React Native", "React Native", "{FD797814-2070-4EB1-9C15-63BA1C21E7EE}"
EndProject
Project("{2150E333-8FDC-42A3-9474-1A3956D46DE8}") = "Web API", "Web API", "{BE99833D-9897-4F01-9EE3-D6ADCD8C7458}"
EndProject
Global
	GlobalSection(SharedMSBuildProjectFiles) = preSolution
		TimeTracker.UI\node_modules\react-native-windows\ReactWindows\ReactNative.Shared\ReactNative.Shared.projitems*{c7673ad5-e3aa-468c-a5fd-fa38154e205c}*SharedItemsImports = 4
		TimeTracker.UI\node_modules\react-native-windows\ReactWindows\ReactNative.Shared\ReactNative.Shared.projitems*{eea8b852-4d07-48e1-8294-a21ab5909fe5}*SharedItemsImports = 13
	EndGlobalSection
	GlobalSection(SolutionConfigurationPlatforms) = preSolution
		Debug|Any CPU = Debug|Any CPU
		Debug|ARM = Debug|ARM
		Debug|x64 = Debug|x64
		Debug|x86 = Debug|x86
		DebugBundle|Any CPU = DebugBundle|Any CPU
		DebugBundle|ARM = DebugBundle|ARM
		DebugBundle|x64 = DebugBundle|x64
		DebugBundle|x86 = DebugBundle|x86
		Release|Any CPU = Release|Any CPU
		Release|ARM = Release|ARM
		Release|x64 = Release|x64
		Release|x86 = Release|x86
		ReleaseBundle|Any CPU = ReleaseBundle|Any CPU
		ReleaseBundle|ARM = ReleaseBundle|ARM
		ReleaseBundle|x64 = ReleaseBundle|x64
		ReleaseBundle|x86 = ReleaseBundle|x86
	EndGlobalSection
	GlobalSection(ProjectConfigurationPlatforms) = postSolution
		{E029C8F0-8A15-444E-B25C-6B5BACA300EF}.Debug|Any CPU.ActiveCfg = Debug|Any CPU
		{E029C8F0-8A15-444E-B25C-6B5BACA300EF}.Debug|Any CPU.Build.0 = Debug|Any CPU
		{E029C8F0-8A15-444E-B25C-6B5BACA300EF}.Debug|ARM.ActiveCfg = Debug|Any CPU
		{E029C8F0-8A15-444E-B25C-6B5BACA300EF}.Debug|ARM.Build.0 = Debug|Any CPU
		{E029C8F0-8A15-444E-B25C-6B5BACA300EF}.Debug|x64.ActiveCfg = Debug|Any CPU
		{E029C8F0-8A15-444E-B25C-6B5BACA300EF}.Debug|x64.Build.0 = Debug|Any CPU
		{E029C8F0-8A15-444E-B25C-6B5BACA300EF}.Debug|x86.ActiveCfg = Debug|Any CPU
		{E029C8F0-8A15-444E-B25C-6B5BACA300EF}.Debug|x86.Build.0 = Debug|Any CPU
		{E029C8F0-8A15-444E-B25C-6B5BACA300EF}.DebugBundle|Any CPU.ActiveCfg = Debug|Any CPU
		{E029C8F0-8A15-444E-B25C-6B5BACA300EF}.DebugBundle|Any CPU.Build.0 = Debug|Any CPU
		{E029C8F0-8A15-444E-B25C-6B5BACA300EF}.DebugBundle|ARM.ActiveCfg = Debug|Any CPU
		{E029C8F0-8A15-444E-B25C-6B5BACA300EF}.DebugBundle|ARM.Build.0 = Debug|Any CPU
		{E029C8F0-8A15-444E-B25C-6B5BACA300EF}.DebugBundle|x64.ActiveCfg = Debug|Any CPU
		{E029C8F0-8A15-444E-B25C-6B5BACA300EF}.DebugBundle|x64.Build.0 = Debug|Any CPU
		{E029C8F0-8A15-444E-B25C-6B5BACA300EF}.DebugBundle|x86.ActiveCfg = Debug|Any CPU
		{E029C8F0-8A15-444E-B25C-6B5BACA300EF}.DebugBundle|x86.Build.0 = Debug|Any CPU
		{E029C8F0-8A15-444E-B25C-6B5BACA300EF}.Release|Any CPU.ActiveCfg = Release|Any CPU
		{E029C8F0-8A15-444E-B25C-6B5BACA300EF}.Release|Any CPU.Build.0 = Release|Any CPU
		{E029C8F0-8A15-444E-B25C-6B5BACA300EF}.Release|ARM.ActiveCfg = Release|Any CPU
		{E029C8F0-8A15-444E-B25C-6B5BACA300EF}.Release|ARM.Build.0 = Release|Any CPU
		{E029C8F0-8A15-444E-B25C-6B5BACA300EF}.Release|x64.ActiveCfg = Release|Any CPU
		{E029C8F0-8A15-444E-B25C-6B5BACA300EF}.Release|x64.Build.0 = Release|Any CPU
		{E029C8F0-8A15-444E-B25C-6B5BACA300EF}.Release|x86.ActiveCfg = Release|Any CPU
		{E029C8F0-8A15-444E-B25C-6B5BACA300EF}.Release|x86.Build.0 = Release|Any CPU
		{E029C8F0-8A15-444E-B25C-6B5BACA300EF}.ReleaseBundle|Any CPU.ActiveCfg = Release|Any CPU
		{E029C8F0-8A15-444E-B25C-6B5BACA300EF}.ReleaseBundle|Any CPU.Build.0 = Release|Any CPU
		{E029C8F0-8A15-444E-B25C-6B5BACA300EF}.ReleaseBundle|ARM.ActiveCfg = Release|Any CPU
		{E029C8F0-8A15-444E-B25C-6B5BACA300EF}.ReleaseBundle|ARM.Build.0 = Release|Any CPU
		{E029C8F0-8A15-444E-B25C-6B5BACA300EF}.ReleaseBundle|x64.ActiveCfg = Release|Any CPU
		{E029C8F0-8A15-444E-B25C-6B5BACA300EF}.ReleaseBundle|x64.Build.0 = Release|Any CPU
		{E029C8F0-8A15-444E-B25C-6B5BACA300EF}.ReleaseBundle|x86.ActiveCfg = Release|Any CPU
		{E029C8F0-8A15-444E-B25C-6B5BACA300EF}.ReleaseBundle|x86.Build.0 = Release|Any CPU
		{8A65B15D-3297-4531-BCB2-B2FC294C76FC}.Debug|Any CPU.ActiveCfg = Debug|Any CPU
		{8A65B15D-3297-4531-BCB2-B2FC294C76FC}.Debug|Any CPU.Build.0 = Debug|Any CPU
		{8A65B15D-3297-4531-BCB2-B2FC294C76FC}.Debug|ARM.ActiveCfg = Debug|Any CPU
		{8A65B15D-3297-4531-BCB2-B2FC294C76FC}.Debug|ARM.Build.0 = Debug|Any CPU
		{8A65B15D-3297-4531-BCB2-B2FC294C76FC}.Debug|x64.ActiveCfg = Debug|Any CPU
		{8A65B15D-3297-4531-BCB2-B2FC294C76FC}.Debug|x64.Build.0 = Debug|Any CPU
		{8A65B15D-3297-4531-BCB2-B2FC294C76FC}.Debug|x86.ActiveCfg = Debug|Any CPU
		{8A65B15D-3297-4531-BCB2-B2FC294C76FC}.Debug|x86.Build.0 = Debug|Any CPU
		{8A65B15D-3297-4531-BCB2-B2FC294C76FC}.DebugBundle|Any CPU.ActiveCfg = Debug|Any CPU
		{8A65B15D-3297-4531-BCB2-B2FC294C76FC}.DebugBundle|Any CPU.Build.0 = Debug|Any CPU
		{8A65B15D-3297-4531-BCB2-B2FC294C76FC}.DebugBundle|ARM.ActiveCfg = Debug|Any CPU
		{8A65B15D-3297-4531-BCB2-B2FC294C76FC}.DebugBundle|ARM.Build.0 = Debug|Any CPU
		{8A65B15D-3297-4531-BCB2-B2FC294C76FC}.DebugBundle|x64.ActiveCfg = Debug|Any CPU
		{8A65B15D-3297-4531-BCB2-B2FC294C76FC}.DebugBundle|x64.Build.0 = Debug|Any CPU
		{8A65B15D-3297-4531-BCB2-B2FC294C76FC}.DebugBundle|x86.ActiveCfg = Debug|Any CPU
		{8A65B15D-3297-4531-BCB2-B2FC294C76FC}.DebugBundle|x86.Build.0 = Debug|Any CPU
		{8A65B15D-3297-4531-BCB2-B2FC294C76FC}.Release|Any CPU.ActiveCfg = Release|Any CPU
		{8A65B15D-3297-4531-BCB2-B2FC294C76FC}.Release|Any CPU.Build.0 = Release|Any CPU
		{8A65B15D-3297-4531-BCB2-B2FC294C76FC}.Release|ARM.ActiveCfg = Release|Any CPU
		{8A65B15D-3297-4531-BCB2-B2FC294C76FC}.Release|ARM.Build.0 = Release|Any CPU
		{8A65B15D-3297-4531-BCB2-B2FC294C76FC}.Release|x64.ActiveCfg = Release|Any CPU
		{8A65B15D-3297-4531-BCB2-B2FC294C76FC}.Release|x64.Build.0 = Release|Any CPU
		{8A65B15D-3297-4531-BCB2-B2FC294C76FC}.Release|x86.ActiveCfg = Release|Any CPU
		{8A65B15D-3297-4531-BCB2-B2FC294C76FC}.Release|x86.Build.0 = Release|Any CPU
		{8A65B15D-3297-4531-BCB2-B2FC294C76FC}.ReleaseBundle|Any CPU.ActiveCfg = Release|Any CPU
		{8A65B15D-3297-4531-BCB2-B2FC294C76FC}.ReleaseBundle|Any CPU.Build.0 = Release|Any CPU
		{8A65B15D-3297-4531-BCB2-B2FC294C76FC}.ReleaseBundle|ARM.ActiveCfg = Release|Any CPU
		{8A65B15D-3297-4531-BCB2-B2FC294C76FC}.ReleaseBundle|ARM.Build.0 = Release|Any CPU
		{8A65B15D-3297-4531-BCB2-B2FC294C76FC}.ReleaseBundle|x64.ActiveCfg = Release|Any CPU
		{8A65B15D-3297-4531-BCB2-B2FC294C76FC}.ReleaseBundle|x64.Build.0 = Release|Any CPU
		{8A65B15D-3297-4531-BCB2-B2FC294C76FC}.ReleaseBundle|x86.ActiveCfg = Release|Any CPU
		{8A65B15D-3297-4531-BCB2-B2FC294C76FC}.ReleaseBundle|x86.Build.0 = Release|Any CPU
		{4A29A94E-769A-4816-A84A-E4BC336D9CD8}.Debug|Any CPU.ActiveCfg = Debug|Any CPU
		{4A29A94E-769A-4816-A84A-E4BC336D9CD8}.Debug|Any CPU.Build.0 = Debug|Any CPU
		{4A29A94E-769A-4816-A84A-E4BC336D9CD8}.Debug|ARM.ActiveCfg = Debug|Any CPU
		{4A29A94E-769A-4816-A84A-E4BC336D9CD8}.Debug|ARM.Build.0 = Debug|Any CPU
		{4A29A94E-769A-4816-A84A-E4BC336D9CD8}.Debug|x64.ActiveCfg = Debug|Any CPU
		{4A29A94E-769A-4816-A84A-E4BC336D9CD8}.Debug|x64.Build.0 = Debug|Any CPU
		{4A29A94E-769A-4816-A84A-E4BC336D9CD8}.Debug|x86.ActiveCfg = Debug|Any CPU
		{4A29A94E-769A-4816-A84A-E4BC336D9CD8}.Debug|x86.Build.0 = Debug|Any CPU
		{4A29A94E-769A-4816-A84A-E4BC336D9CD8}.DebugBundle|Any CPU.ActiveCfg = Debug|Any CPU
		{4A29A94E-769A-4816-A84A-E4BC336D9CD8}.DebugBundle|Any CPU.Build.0 = Debug|Any CPU
		{4A29A94E-769A-4816-A84A-E4BC336D9CD8}.DebugBundle|ARM.ActiveCfg = Debug|Any CPU
		{4A29A94E-769A-4816-A84A-E4BC336D9CD8}.DebugBundle|ARM.Build.0 = Debug|Any CPU
		{4A29A94E-769A-4816-A84A-E4BC336D9CD8}.DebugBundle|x64.ActiveCfg = Debug|Any CPU
		{4A29A94E-769A-4816-A84A-E4BC336D9CD8}.DebugBundle|x64.Build.0 = Debug|Any CPU
		{4A29A94E-769A-4816-A84A-E4BC336D9CD8}.DebugBundle|x86.ActiveCfg = Debug|Any CPU
		{4A29A94E-769A-4816-A84A-E4BC336D9CD8}.DebugBundle|x86.Build.0 = Debug|Any CPU
		{4A29A94E-769A-4816-A84A-E4BC336D9CD8}.Release|Any CPU.ActiveCfg = Release|Any CPU
		{4A29A94E-769A-4816-A84A-E4BC336D9CD8}.Release|Any CPU.Build.0 = Release|Any CPU
		{4A29A94E-769A-4816-A84A-E4BC336D9CD8}.Release|ARM.ActiveCfg = Release|Any CPU
		{4A29A94E-769A-4816-A84A-E4BC336D9CD8}.Release|ARM.Build.0 = Release|Any CPU
		{4A29A94E-769A-4816-A84A-E4BC336D9CD8}.Release|x64.ActiveCfg = Release|Any CPU
		{4A29A94E-769A-4816-A84A-E4BC336D9CD8}.Release|x64.Build.0 = Release|Any CPU
		{4A29A94E-769A-4816-A84A-E4BC336D9CD8}.Release|x86.ActiveCfg = Release|Any CPU
		{4A29A94E-769A-4816-A84A-E4BC336D9CD8}.Release|x86.Build.0 = Release|Any CPU
		{4A29A94E-769A-4816-A84A-E4BC336D9CD8}.ReleaseBundle|Any CPU.ActiveCfg = Release|Any CPU
		{4A29A94E-769A-4816-A84A-E4BC336D9CD8}.ReleaseBundle|Any CPU.Build.0 = Release|Any CPU
		{4A29A94E-769A-4816-A84A-E4BC336D9CD8}.ReleaseBundle|ARM.ActiveCfg = Release|Any CPU
		{4A29A94E-769A-4816-A84A-E4BC336D9CD8}.ReleaseBundle|ARM.Build.0 = Release|Any CPU
		{4A29A94E-769A-4816-A84A-E4BC336D9CD8}.ReleaseBundle|x64.ActiveCfg = Release|Any CPU
		{4A29A94E-769A-4816-A84A-E4BC336D9CD8}.ReleaseBundle|x64.Build.0 = Release|Any CPU
		{4A29A94E-769A-4816-A84A-E4BC336D9CD8}.ReleaseBundle|x86.ActiveCfg = Release|Any CPU
		{4A29A94E-769A-4816-A84A-E4BC336D9CD8}.ReleaseBundle|x86.Build.0 = Release|Any CPU
		{C7D4B73F-0C90-4434-8E7E-5E1F1E24EAA5}.Debug|Any CPU.ActiveCfg = Debug|Any CPU
		{C7D4B73F-0C90-4434-8E7E-5E1F1E24EAA5}.Debug|Any CPU.Build.0 = Debug|Any CPU
		{C7D4B73F-0C90-4434-8E7E-5E1F1E24EAA5}.Debug|ARM.ActiveCfg = Debug|Any CPU
		{C7D4B73F-0C90-4434-8E7E-5E1F1E24EAA5}.Debug|ARM.Build.0 = Debug|Any CPU
		{C7D4B73F-0C90-4434-8E7E-5E1F1E24EAA5}.Debug|x64.ActiveCfg = Debug|Any CPU
		{C7D4B73F-0C90-4434-8E7E-5E1F1E24EAA5}.Debug|x64.Build.0 = Debug|Any CPU
		{C7D4B73F-0C90-4434-8E7E-5E1F1E24EAA5}.Debug|x86.ActiveCfg = Debug|Any CPU
		{C7D4B73F-0C90-4434-8E7E-5E1F1E24EAA5}.Debug|x86.Build.0 = Debug|Any CPU
		{C7D4B73F-0C90-4434-8E7E-5E1F1E24EAA5}.DebugBundle|Any CPU.ActiveCfg = Debug|Any CPU
		{C7D4B73F-0C90-4434-8E7E-5E1F1E24EAA5}.DebugBundle|Any CPU.Build.0 = Debug|Any CPU
		{C7D4B73F-0C90-4434-8E7E-5E1F1E24EAA5}.DebugBundle|ARM.ActiveCfg = Debug|Any CPU
		{C7D4B73F-0C90-4434-8E7E-5E1F1E24EAA5}.DebugBundle|ARM.Build.0 = Debug|Any CPU
		{C7D4B73F-0C90-4434-8E7E-5E1F1E24EAA5}.DebugBundle|x64.ActiveCfg = Debug|Any CPU
		{C7D4B73F-0C90-4434-8E7E-5E1F1E24EAA5}.DebugBundle|x64.Build.0 = Debug|Any CPU
		{C7D4B73F-0C90-4434-8E7E-5E1F1E24EAA5}.DebugBundle|x86.ActiveCfg = Debug|Any CPU
		{C7D4B73F-0C90-4434-8E7E-5E1F1E24EAA5}.DebugBundle|x86.Build.0 = Debug|Any CPU
		{C7D4B73F-0C90-4434-8E7E-5E1F1E24EAA5}.Release|Any CPU.ActiveCfg = Release|Any CPU
		{C7D4B73F-0C90-4434-8E7E-5E1F1E24EAA5}.Release|Any CPU.Build.0 = Release|Any CPU
		{C7D4B73F-0C90-4434-8E7E-5E1F1E24EAA5}.Release|ARM.ActiveCfg = Release|Any CPU
		{C7D4B73F-0C90-4434-8E7E-5E1F1E24EAA5}.Release|ARM.Build.0 = Release|Any CPU
		{C7D4B73F-0C90-4434-8E7E-5E1F1E24EAA5}.Release|x64.ActiveCfg = Release|Any CPU
		{C7D4B73F-0C90-4434-8E7E-5E1F1E24EAA5}.Release|x64.Build.0 = Release|Any CPU
		{C7D4B73F-0C90-4434-8E7E-5E1F1E24EAA5}.Release|x86.ActiveCfg = Release|Any CPU
		{C7D4B73F-0C90-4434-8E7E-5E1F1E24EAA5}.Release|x86.Build.0 = Release|Any CPU
		{C7D4B73F-0C90-4434-8E7E-5E1F1E24EAA5}.ReleaseBundle|Any CPU.ActiveCfg = Release|Any CPU
		{C7D4B73F-0C90-4434-8E7E-5E1F1E24EAA5}.ReleaseBundle|Any CPU.Build.0 = Release|Any CPU
		{C7D4B73F-0C90-4434-8E7E-5E1F1E24EAA5}.ReleaseBundle|ARM.ActiveCfg = Release|Any CPU
		{C7D4B73F-0C90-4434-8E7E-5E1F1E24EAA5}.ReleaseBundle|ARM.Build.0 = Release|Any CPU
		{C7D4B73F-0C90-4434-8E7E-5E1F1E24EAA5}.ReleaseBundle|x64.ActiveCfg = Release|Any CPU
		{C7D4B73F-0C90-4434-8E7E-5E1F1E24EAA5}.ReleaseBundle|x64.Build.0 = Release|Any CPU
		{C7D4B73F-0C90-4434-8E7E-5E1F1E24EAA5}.ReleaseBundle|x86.ActiveCfg = Release|Any CPU
		{C7D4B73F-0C90-4434-8E7E-5E1F1E24EAA5}.ReleaseBundle|x86.Build.0 = Release|Any CPU
		{D87F98A0-10EC-40B6-8A6B-219CC7BD4FA1}.Debug|Any CPU.ActiveCfg = Debug|x86
		{D87F98A0-10EC-40B6-8A6B-219CC7BD4FA1}.Debug|ARM.ActiveCfg = Debug|ARM
		{D87F98A0-10EC-40B6-8A6B-219CC7BD4FA1}.Debug|ARM.Build.0 = Debug|ARM
		{D87F98A0-10EC-40B6-8A6B-219CC7BD4FA1}.Debug|ARM.Deploy.0 = Debug|ARM
		{D87F98A0-10EC-40B6-8A6B-219CC7BD4FA1}.Debug|x64.ActiveCfg = Debug|x64
		{D87F98A0-10EC-40B6-8A6B-219CC7BD4FA1}.Debug|x64.Build.0 = Debug|x64
		{D87F98A0-10EC-40B6-8A6B-219CC7BD4FA1}.Debug|x64.Deploy.0 = Debug|x64
		{D87F98A0-10EC-40B6-8A6B-219CC7BD4FA1}.Debug|x86.ActiveCfg = Debug|x86
		{D87F98A0-10EC-40B6-8A6B-219CC7BD4FA1}.Debug|x86.Build.0 = Debug|x86
		{D87F98A0-10EC-40B6-8A6B-219CC7BD4FA1}.Debug|x86.Deploy.0 = Debug|x86
		{D87F98A0-10EC-40B6-8A6B-219CC7BD4FA1}.DebugBundle|Any CPU.ActiveCfg = DebugBundle|x86
		{D87F98A0-10EC-40B6-8A6B-219CC7BD4FA1}.DebugBundle|ARM.ActiveCfg = DebugBundle|ARM
		{D87F98A0-10EC-40B6-8A6B-219CC7BD4FA1}.DebugBundle|ARM.Build.0 = DebugBundle|ARM
		{D87F98A0-10EC-40B6-8A6B-219CC7BD4FA1}.DebugBundle|ARM.Deploy.0 = DebugBundle|ARM
		{D87F98A0-10EC-40B6-8A6B-219CC7BD4FA1}.DebugBundle|x64.ActiveCfg = DebugBundle|x64
		{D87F98A0-10EC-40B6-8A6B-219CC7BD4FA1}.DebugBundle|x64.Build.0 = DebugBundle|x64
		{D87F98A0-10EC-40B6-8A6B-219CC7BD4FA1}.DebugBundle|x64.Deploy.0 = DebugBundle|x64
		{D87F98A0-10EC-40B6-8A6B-219CC7BD4FA1}.DebugBundle|x86.ActiveCfg = DebugBundle|x86
		{D87F98A0-10EC-40B6-8A6B-219CC7BD4FA1}.DebugBundle|x86.Build.0 = DebugBundle|x86
		{D87F98A0-10EC-40B6-8A6B-219CC7BD4FA1}.DebugBundle|x86.Deploy.0 = DebugBundle|x86
		{D87F98A0-10EC-40B6-8A6B-219CC7BD4FA1}.Release|Any CPU.ActiveCfg = Release|x86
		{D87F98A0-10EC-40B6-8A6B-219CC7BD4FA1}.Release|ARM.ActiveCfg = Release|ARM
		{D87F98A0-10EC-40B6-8A6B-219CC7BD4FA1}.Release|ARM.Build.0 = Release|ARM
		{D87F98A0-10EC-40B6-8A6B-219CC7BD4FA1}.Release|ARM.Deploy.0 = Release|ARM
		{D87F98A0-10EC-40B6-8A6B-219CC7BD4FA1}.Release|x64.ActiveCfg = Release|x64
		{D87F98A0-10EC-40B6-8A6B-219CC7BD4FA1}.Release|x64.Build.0 = Release|x64
		{D87F98A0-10EC-40B6-8A6B-219CC7BD4FA1}.Release|x64.Deploy.0 = Release|x64
		{D87F98A0-10EC-40B6-8A6B-219CC7BD4FA1}.Release|x86.ActiveCfg = Release|x86
		{D87F98A0-10EC-40B6-8A6B-219CC7BD4FA1}.Release|x86.Build.0 = Release|x86
		{D87F98A0-10EC-40B6-8A6B-219CC7BD4FA1}.Release|x86.Deploy.0 = Release|x86
		{D87F98A0-10EC-40B6-8A6B-219CC7BD4FA1}.ReleaseBundle|Any CPU.ActiveCfg = ReleaseBundle|x86
		{D87F98A0-10EC-40B6-8A6B-219CC7BD4FA1}.ReleaseBundle|ARM.ActiveCfg = ReleaseBundle|ARM
		{D87F98A0-10EC-40B6-8A6B-219CC7BD4FA1}.ReleaseBundle|ARM.Build.0 = ReleaseBundle|ARM
		{D87F98A0-10EC-40B6-8A6B-219CC7BD4FA1}.ReleaseBundle|ARM.Deploy.0 = ReleaseBundle|ARM
		{D87F98A0-10EC-40B6-8A6B-219CC7BD4FA1}.ReleaseBundle|x64.ActiveCfg = ReleaseBundle|x64
		{D87F98A0-10EC-40B6-8A6B-219CC7BD4FA1}.ReleaseBundle|x64.Build.0 = ReleaseBundle|x64
		{D87F98A0-10EC-40B6-8A6B-219CC7BD4FA1}.ReleaseBundle|x64.Deploy.0 = ReleaseBundle|x64
		{D87F98A0-10EC-40B6-8A6B-219CC7BD4FA1}.ReleaseBundle|x86.ActiveCfg = ReleaseBundle|x86
		{D87F98A0-10EC-40B6-8A6B-219CC7BD4FA1}.ReleaseBundle|x86.Build.0 = ReleaseBundle|x86
		{D87F98A0-10EC-40B6-8A6B-219CC7BD4FA1}.ReleaseBundle|x86.Deploy.0 = ReleaseBundle|x86
		{C7673AD5-E3AA-468C-A5FD-FA38154E205C}.Debug|Any CPU.ActiveCfg = Debug|x86
		{C7673AD5-E3AA-468C-A5FD-FA38154E205C}.Debug|ARM.ActiveCfg = Debug|ARM
		{C7673AD5-E3AA-468C-A5FD-FA38154E205C}.Debug|ARM.Build.0 = Debug|ARM
		{C7673AD5-E3AA-468C-A5FD-FA38154E205C}.Debug|x64.ActiveCfg = Debug|x64
		{C7673AD5-E3AA-468C-A5FD-FA38154E205C}.Debug|x64.Build.0 = Debug|x64
		{C7673AD5-E3AA-468C-A5FD-FA38154E205C}.Debug|x86.ActiveCfg = Debug|x86
		{C7673AD5-E3AA-468C-A5FD-FA38154E205C}.Debug|x86.Build.0 = Debug|x86
		{C7673AD5-E3AA-468C-A5FD-FA38154E205C}.DebugBundle|Any CPU.ActiveCfg = Release|x86
		{C7673AD5-E3AA-468C-A5FD-FA38154E205C}.DebugBundle|Any CPU.Build.0 = Release|x86
		{C7673AD5-E3AA-468C-A5FD-FA38154E205C}.DebugBundle|ARM.ActiveCfg = Debug|ARM
		{C7673AD5-E3AA-468C-A5FD-FA38154E205C}.DebugBundle|ARM.Build.0 = Debug|ARM
		{C7673AD5-E3AA-468C-A5FD-FA38154E205C}.DebugBundle|x64.ActiveCfg = Debug|x64
		{C7673AD5-E3AA-468C-A5FD-FA38154E205C}.DebugBundle|x64.Build.0 = Debug|x64
		{C7673AD5-E3AA-468C-A5FD-FA38154E205C}.DebugBundle|x86.ActiveCfg = Debug|x86
		{C7673AD5-E3AA-468C-A5FD-FA38154E205C}.DebugBundle|x86.Build.0 = Debug|x86
		{C7673AD5-E3AA-468C-A5FD-FA38154E205C}.Release|Any CPU.ActiveCfg = Release|x86
		{C7673AD5-E3AA-468C-A5FD-FA38154E205C}.Release|ARM.ActiveCfg = Release|ARM
		{C7673AD5-E3AA-468C-A5FD-FA38154E205C}.Release|ARM.Build.0 = Release|ARM
		{C7673AD5-E3AA-468C-A5FD-FA38154E205C}.Release|x64.ActiveCfg = Release|x64
		{C7673AD5-E3AA-468C-A5FD-FA38154E205C}.Release|x64.Build.0 = Release|x64
		{C7673AD5-E3AA-468C-A5FD-FA38154E205C}.Release|x86.ActiveCfg = Release|x86
		{C7673AD5-E3AA-468C-A5FD-FA38154E205C}.Release|x86.Build.0 = Release|x86
		{C7673AD5-E3AA-468C-A5FD-FA38154E205C}.ReleaseBundle|Any CPU.ActiveCfg = Release|x86
		{C7673AD5-E3AA-468C-A5FD-FA38154E205C}.ReleaseBundle|Any CPU.Build.0 = Release|x86
		{C7673AD5-E3AA-468C-A5FD-FA38154E205C}.ReleaseBundle|ARM.ActiveCfg = Release|ARM
		{C7673AD5-E3AA-468C-A5FD-FA38154E205C}.ReleaseBundle|ARM.Build.0 = Release|ARM
		{C7673AD5-E3AA-468C-A5FD-FA38154E205C}.ReleaseBundle|x64.ActiveCfg = Release|x64
		{C7673AD5-E3AA-468C-A5FD-FA38154E205C}.ReleaseBundle|x64.Build.0 = Release|x64
		{C7673AD5-E3AA-468C-A5FD-FA38154E205C}.ReleaseBundle|x86.ActiveCfg = Release|x86
		{C7673AD5-E3AA-468C-A5FD-FA38154E205C}.ReleaseBundle|x86.Build.0 = Release|x86
		{4B72C796-16D5-4E3A-81C0-3E36F531E578}.Debug|Any CPU.ActiveCfg = Debug|Win32
		{4B72C796-16D5-4E3A-81C0-3E36F531E578}.Debug|ARM.ActiveCfg = Debug|ARM
		{4B72C796-16D5-4E3A-81C0-3E36F531E578}.Debug|ARM.Build.0 = Debug|ARM
		{4B72C796-16D5-4E3A-81C0-3E36F531E578}.Debug|x64.ActiveCfg = Debug|x64
		{4B72C796-16D5-4E3A-81C0-3E36F531E578}.Debug|x64.Build.0 = Debug|x64
		{4B72C796-16D5-4E3A-81C0-3E36F531E578}.Debug|x86.ActiveCfg = Debug|Win32
		{4B72C796-16D5-4E3A-81C0-3E36F531E578}.Debug|x86.Build.0 = Debug|Win32
		{4B72C796-16D5-4E3A-81C0-3E36F531E578}.DebugBundle|Any CPU.ActiveCfg = Release|Win32
		{4B72C796-16D5-4E3A-81C0-3E36F531E578}.DebugBundle|Any CPU.Build.0 = Release|Win32
		{4B72C796-16D5-4E3A-81C0-3E36F531E578}.DebugBundle|ARM.ActiveCfg = Debug|ARM
		{4B72C796-16D5-4E3A-81C0-3E36F531E578}.DebugBundle|ARM.Build.0 = Debug|ARM
		{4B72C796-16D5-4E3A-81C0-3E36F531E578}.DebugBundle|x64.ActiveCfg = Debug|x64
		{4B72C796-16D5-4E3A-81C0-3E36F531E578}.DebugBundle|x64.Build.0 = Debug|x64
		{4B72C796-16D5-4E3A-81C0-3E36F531E578}.DebugBundle|x86.ActiveCfg = Debug|Win32
		{4B72C796-16D5-4E3A-81C0-3E36F531E578}.DebugBundle|x86.Build.0 = Debug|Win32
		{4B72C796-16D5-4E3A-81C0-3E36F531E578}.Release|Any CPU.ActiveCfg = Release|Win32
		{4B72C796-16D5-4E3A-81C0-3E36F531E578}.Release|ARM.ActiveCfg = Release|ARM
		{4B72C796-16D5-4E3A-81C0-3E36F531E578}.Release|ARM.Build.0 = Release|ARM
		{4B72C796-16D5-4E3A-81C0-3E36F531E578}.Release|x64.ActiveCfg = Release|x64
		{4B72C796-16D5-4E3A-81C0-3E36F531E578}.Release|x64.Build.0 = Release|x64
		{4B72C796-16D5-4E3A-81C0-3E36F531E578}.Release|x86.ActiveCfg = Release|Win32
		{4B72C796-16D5-4E3A-81C0-3E36F531E578}.Release|x86.Build.0 = Release|Win32
		{4B72C796-16D5-4E3A-81C0-3E36F531E578}.ReleaseBundle|Any CPU.ActiveCfg = Release|Win32
		{4B72C796-16D5-4E3A-81C0-3E36F531E578}.ReleaseBundle|Any CPU.Build.0 = Release|Win32
		{4B72C796-16D5-4E3A-81C0-3E36F531E578}.ReleaseBundle|ARM.ActiveCfg = Release|ARM
		{4B72C796-16D5-4E3A-81C0-3E36F531E578}.ReleaseBundle|ARM.Build.0 = Release|ARM
		{4B72C796-16D5-4E3A-81C0-3E36F531E578}.ReleaseBundle|x64.ActiveCfg = Release|x64
		{4B72C796-16D5-4E3A-81C0-3E36F531E578}.ReleaseBundle|x64.Build.0 = Release|x64
		{4B72C796-16D5-4E3A-81C0-3E36F531E578}.ReleaseBundle|x86.ActiveCfg = Release|Win32
		{4B72C796-16D5-4E3A-81C0-3E36F531E578}.ReleaseBundle|x86.Build.0 = Release|Win32
		{7596216B-669C-41F8-86DA-F3637F6545C0}.Debug|Any CPU.ActiveCfg = Debug|x86
		{7596216B-669C-41F8-86DA-F3637F6545C0}.Debug|ARM.ActiveCfg = Debug|ARM
		{7596216B-669C-41F8-86DA-F3637F6545C0}.Debug|ARM.Build.0 = Debug|ARM
		{7596216B-669C-41F8-86DA-F3637F6545C0}.Debug|x64.ActiveCfg = Debug|x64
		{7596216B-669C-41F8-86DA-F3637F6545C0}.Debug|x64.Build.0 = Debug|x64
		{7596216B-669C-41F8-86DA-F3637F6545C0}.Debug|x86.ActiveCfg = Debug|x86
		{7596216B-669C-41F8-86DA-F3637F6545C0}.Debug|x86.Build.0 = Debug|x86
		{7596216B-669C-41F8-86DA-F3637F6545C0}.DebugBundle|Any CPU.ActiveCfg = Release|x86
		{7596216B-669C-41F8-86DA-F3637F6545C0}.DebugBundle|Any CPU.Build.0 = Release|x86
		{7596216B-669C-41F8-86DA-F3637F6545C0}.DebugBundle|ARM.ActiveCfg = Debug|ARM
		{7596216B-669C-41F8-86DA-F3637F6545C0}.DebugBundle|ARM.Build.0 = Debug|ARM
		{7596216B-669C-41F8-86DA-F3637F6545C0}.DebugBundle|x64.ActiveCfg = Debug|x64
		{7596216B-669C-41F8-86DA-F3637F6545C0}.DebugBundle|x64.Build.0 = Debug|x64
		{7596216B-669C-41F8-86DA-F3637F6545C0}.DebugBundle|x86.ActiveCfg = Debug|x86
		{7596216B-669C-41F8-86DA-F3637F6545C0}.DebugBundle|x86.Build.0 = Debug|x86
		{7596216B-669C-41F8-86DA-F3637F6545C0}.Release|Any CPU.ActiveCfg = Release|x86
		{7596216B-669C-41F8-86DA-F3637F6545C0}.Release|ARM.ActiveCfg = Release|ARM
		{7596216B-669C-41F8-86DA-F3637F6545C0}.Release|ARM.Build.0 = Release|ARM
		{7596216B-669C-41F8-86DA-F3637F6545C0}.Release|x64.ActiveCfg = Release|x64
		{7596216B-669C-41F8-86DA-F3637F6545C0}.Release|x64.Build.0 = Release|x64
		{7596216B-669C-41F8-86DA-F3637F6545C0}.Release|x86.ActiveCfg = Release|x86
		{7596216B-669C-41F8-86DA-F3637F6545C0}.Release|x86.Build.0 = Release|x86
		{7596216B-669C-41F8-86DA-F3637F6545C0}.ReleaseBundle|Any CPU.ActiveCfg = Release|x86
		{7596216B-669C-41F8-86DA-F3637F6545C0}.ReleaseBundle|Any CPU.Build.0 = Release|x86
		{7596216B-669C-41F8-86DA-F3637F6545C0}.ReleaseBundle|ARM.ActiveCfg = Release|ARM
		{7596216B-669C-41F8-86DA-F3637F6545C0}.ReleaseBundle|ARM.Build.0 = Release|ARM
		{7596216B-669C-41F8-86DA-F3637F6545C0}.ReleaseBundle|x64.ActiveCfg = Release|x64
		{7596216B-669C-41F8-86DA-F3637F6545C0}.ReleaseBundle|x64.Build.0 = Release|x64
		{7596216B-669C-41F8-86DA-F3637F6545C0}.ReleaseBundle|x86.ActiveCfg = Release|x86
		{7596216B-669C-41F8-86DA-F3637F6545C0}.ReleaseBundle|x86.Build.0 = Release|x86
	EndGlobalSection
	GlobalSection(SolutionProperties) = preSolution
		HideSolutionNode = FALSE
	EndGlobalSection
	GlobalSection(NestedProjects) = preSolution
		{E029C8F0-8A15-444E-B25C-6B5BACA300EF} = {BE99833D-9897-4F01-9EE3-D6ADCD8C7458}
		{8A65B15D-3297-4531-BCB2-B2FC294C76FC} = {BE99833D-9897-4F01-9EE3-D6ADCD8C7458}
		{4A29A94E-769A-4816-A84A-E4BC336D9CD8} = {BE99833D-9897-4F01-9EE3-D6ADCD8C7458}
		{C7D4B73F-0C90-4434-8E7E-5E1F1E24EAA5} = {BE99833D-9897-4F01-9EE3-D6ADCD8C7458}
		{D87F98A0-10EC-40B6-8A6B-219CC7BD4FA1} = {FD797814-2070-4EB1-9C15-63BA1C21E7EE}
		{C7673AD5-E3AA-468C-A5FD-FA38154E205C} = {FD797814-2070-4EB1-9C15-63BA1C21E7EE}
		{EEA8B852-4D07-48E1-8294-A21AB5909FE5} = {FD797814-2070-4EB1-9C15-63BA1C21E7EE}
		{4B72C796-16D5-4E3A-81C0-3E36F531E578} = {FD797814-2070-4EB1-9C15-63BA1C21E7EE}
		{7596216B-669C-41F8-86DA-F3637F6545C0} = {FD797814-2070-4EB1-9C15-63BA1C21E7EE}
	EndGlobalSection
	GlobalSection(ExtensibilityGlobals) = postSolution
		SolutionGuid = {D7AAB54F-C1C9-4E30-A2EE-0C147FF0D80F}
	EndGlobalSection
EndGlobal
